// !$*UTF8*$!
{
	archiveVersion = 1;
	classes = {
	};
	objectVersion = 56;
	objects = {

/* Begin PBXBuildFile section */
		8AA011402B73B32300DEC4F5 /* SimpleNoteApp.swift in Sources */ = {isa = PBXBuildFile; fileRef = 8AA0113F2B73B32300DEC4F5 /* SimpleNoteApp.swift */; };
		8AA011422B73B32300DEC4F5 /* ContentView.swift in Sources */ = {isa = PBXBuildFile; fileRef = 8AA011412B73B32300DEC4F5 /* ContentView.swift */; };
		8AA011442B73B32500DEC4F5 /* Assets.xcassets in Resources */ = {isa = PBXBuildFile; fileRef = 8AA011432B73B32500DEC4F5 /* Assets.xcassets */; };
		8AA011472B73B32500DEC4F5 /* Preview Assets.xcassets in Resources */ = {isa = PBXBuildFile; fileRef = 8AA011462B73B32500DEC4F5 /* Preview Assets.xcassets */; };
		8AA011492B73B32500DEC4F5 /* Persistence.swift in Sources */ = {isa = PBXBuildFile; fileRef = 8AA011482B73B32500DEC4F5 /* Persistence.swift */; };
		8AA0114C2B73B32500DEC4F5 /* SimpleNote.xcdatamodeld in Sources */ = {isa = PBXBuildFile; fileRef = 8AA0114A2B73B32500DEC4F5 /* SimpleNote.xcdatamodeld */; };
		8AA011562B73B32500DEC4F5 /* SimpleNoteTests.swift in Sources */ = {isa = PBXBuildFile; fileRef = 8AA011552B73B32500DEC4F5 /* SimpleNoteTests.swift */; };
		8AA011602B73B32500DEC4F5 /* SimpleNoteUITests.swift in Sources */ = {isa = PBXBuildFile; fileRef = 8AA0115F2B73B32500DEC4F5 /* SimpleNoteUITests.swift */; };
		8AA011622B73B32500DEC4F5 /* SimpleNoteUITestsLaunchTests.swift in Sources */ = {isa = PBXBuildFile; fileRef = 8AA011612B73B32500DEC4F5 /* SimpleNoteUITestsLaunchTests.swift */; };
/* End PBXBuildFile section */

/* Begin PBXContainerItemProxy section */
		8AA011522B73B32500DEC4F5 /* PBXContainerItemProxy */ = {
			isa = PBXContainerItemProxy;
			containerPortal = 8AA011342B73B32300DEC4F5 /* Project object */;
			proxyType = 1;
			remoteGlobalIDString = 8AA0113B2B73B32300DEC4F5;
			remoteInfo = SimpleNote;
		};
		8AA0115C2B73B32500DEC4F5 /* PBXContainerItemProxy */ = {
			isa = PBXContainerItemProxy;
			containerPortal = 8AA011342B73B32300DEC4F5 /* Project object */;
			proxyType = 1;
			remoteGlobalIDString = 8AA0113B2B73B32300DEC4F5;
			remoteInfo = SimpleNote;
		};
/* End PBXContainerItemProxy section */

/* Begin PBXFileReference section */
		8AA0113C2B73B32300DEC4F5 /* SimpleNote.app */ = {isa = PBXFileReference; explicitFileType = wrapper.application; includeInIndex = 0; path = SimpleNote.app; sourceTree = BUILT_PRODUCTS_DIR; };
		8AA0113F2B73B32300DEC4F5 /* SimpleNoteApp.swift */ = {isa = PBXFileReference; lastKnownFileType = sourcecode.swift; path = SimpleNoteApp.swift; sourceTree = "<group>"; };
		8AA011412B73B32300DEC4F5 /* ContentView.swift */ = {isa = PBXFileReference; lastKnownFileType = sourcecode.swift; path = ContentView.swift; sourceTree = "<group>"; };
		8AA011432B73B32500DEC4F5 /* Assets.xcassets */ = {isa = PBXFileReference; lastKnownFileType = folder.assetcatalog; path = Assets.xcassets; sourceTree = "<group>"; };
		8AA011462B73B32500DEC4F5 /* Preview Assets.xcassets */ = {isa = PBXFileReference; lastKnownFileType = folder.assetcatalog; path = "Preview Assets.xcassets"; sourceTree = "<group>"; };
		8AA011482B73B32500DEC4F5 /* Persistence.swift */ = {isa = PBXFileReference; lastKnownFileType = sourcecode.swift; path = Persistence.swift; sourceTree = "<group>"; };
		8AA0114B2B73B32500DEC4F5 /* SimpleNote.xcdatamodel */ = {isa = PBXFileReference; lastKnownFileType = wrapper.xcdatamodel; path = SimpleNote.xcdatamodel; sourceTree = "<group>"; };
		8AA011512B73B32500DEC4F5 /* SimpleNoteTests.xctest */ = {isa = PBXFileReference; explicitFileType = wrapper.cfbundle; includeInIndex = 0; path = SimpleNoteTests.xctest; sourceTree = BUILT_PRODUCTS_DIR; };
		8AA011552B73B32500DEC4F5 /* SimpleNoteTests.swift */ = {isa = PBXFileReference; lastKnownFileType = sourcecode.swift; path = SimpleNoteTests.swift; sourceTree = "<group>"; };
		8AA0115B2B73B32500DEC4F5 /* SimpleNoteUITests.xctest */ = {isa = PBXFileReference; explicitFileType = wrapper.cfbundle; includeInIndex = 0; path = SimpleNoteUITests.xctest; sourceTree = BUILT_PRODUCTS_DIR; };
		8AA0115F2B73B32500DEC4F5 /* SimpleNoteUITests.swift */ = {isa = PBXFileReference; lastKnownFileType = sourcecode.swift; path = SimpleNoteUITests.swift; sourceTree = "<group>"; };
		8AA011612B73B32500DEC4F5 /* SimpleNoteUITestsLaunchTests.swift */ = {isa = PBXFileReference; lastKnownFileType = sourcecode.swift; path = SimpleNoteUITestsLaunchTests.swift; sourceTree = "<group>"; };
/* End PBXFileReference section */

/* Begin PBXFrameworksBuildPhase section */
		8AA011392B73B32300DEC4F5 /* Frameworks */ = {
			isa = PBXFrameworksBuildPhase;
			buildActionMask = 2147483647;
			files = (
			);
			runOnlyForDeploymentPostprocessing = 0;
		};
		8AA0114E2B73B32500DEC4F5 /* Frameworks */ = {
			isa = PBXFrameworksBuildPhase;
			buildActionMask = 2147483647;
			files = (
			);
			runOnlyForDeploymentPostprocessing = 0;
		};
		8AA011582B73B32500DEC4F5 /* Frameworks */ = {
			isa = PBXFrameworksBuildPhase;
			buildActionMask = 2147483647;
			files = (
			);
			runOnlyForDeploymentPostprocessing = 0;
		};
/* End PBXFrameworksBuildPhase section */

/* Begin PBXGroup section */
		8AA011332B73B32300DEC4F5 = {
			isa = PBXGroup;
			children = (
				8AA0113E2B73B32300DEC4F5 /* SimpleNote */,
				8AA011542B73B32500DEC4F5 /* SimpleNoteTests */,
				8AA0115E2B73B32500DEC4F5 /* SimpleNoteUITests */,
				8AA0113D2B73B32300DEC4F5 /* Products */,
			);
			sourceTree = "<group>";
		};
		8AA0113D2B73B32300DEC4F5 /* Products */ = {
			isa = PBXGroup;
			children = (
				8AA0113C2B73B32300DEC4F5 /* SimpleNote.app */,
				8AA011512B73B32500DEC4F5 /* SimpleNoteTests.xctest */,
				8AA0115B2B73B32500DEC4F5 /* SimpleNoteUITests.xctest */,
			);
			name = Products;
			sourceTree = "<group>";
		};
		8AA0113E2B73B32300DEC4F5 /* SimpleNote */ = {
			isa = PBXGroup;
			children = (
				8AA0113F2B73B32300DEC4F5 /* SimpleNoteApp.swift */,
				8AA011412B73B32300DEC4F5 /* ContentView.swift */,
				8AA011432B73B32500DEC4F5 /* Assets.xcassets */,
				8AA011482B73B32500DEC4F5 /* Persistence.swift */,
				8AA0114A2B73B32500DEC4F5 /* SimpleNote.xcdatamodeld */,
				8AA011452B73B32500DEC4F5 /* Preview Content */,
			);
			path = SimpleNote;
			sourceTree = "<group>";
		};
		8AA011452B73B32500DEC4F5 /* Preview Content */ = {
			isa = PBXGroup;
			children = (
				8AA011462B73B32500DEC4F5 /* Preview Assets.xcassets */,
			);
			path = "Preview Content";
			sourceTree = "<group>";
		};
		8AA011542B73B32500DEC4F5 /* SimpleNoteTests */ = {
			isa = PBXGroup;
			children = (
				8AA011552B73B32500DEC4F5 /* SimpleNoteTests.swift */,
			);
			path = SimpleNoteTests;
			sourceTree = "<group>";
		};
		8AA0115E2B73B32500DEC4F5 /* SimpleNoteUITests */ = {
			isa = PBXGroup;
			children = (
				8AA0115F2B73B32500DEC4F5 /* SimpleNoteUITests.swift */,
				8AA011612B73B32500DEC4F5 /* SimpleNoteUITestsLaunchTests.swift */,
			);
			path = SimpleNoteUITests;
			sourceTree = "<group>";
		};
/* End PBXGroup section */

/* Begin PBXNativeTarget section */
		8AA0113B2B73B32300DEC4F5 /* SimpleNote */ = {
			isa = PBXNativeTarget;
			buildConfigurationList = 8AA011652B73B32500DEC4F5 /* Build configuration list for PBXNativeTarget "SimpleNote" */;
			buildPhases = (
				8AA011382B73B32300DEC4F5 /* Sources */,
				8AA011392B73B32300DEC4F5 /* Frameworks */,
				8AA0113A2B73B32300DEC4F5 /* Resources */,
			);
			buildRules = (
			);
			dependencies = (
			);
			name = SimpleNote;
			productName = SimpleNote;
			productReference = 8AA0113C2B73B32300DEC4F5 /* SimpleNote.app */;
			productType = "com.apple.product-type.application";
		};
		8AA011502B73B32500DEC4F5 /* SimpleNoteTests */ = {
			isa = PBXNativeTarget;
			buildConfigurationList = 8AA011682B73B32500DEC4F5 /* Build configuration list for PBXNativeTarget "SimpleNoteTests" */;
			buildPhases = (
				8AA0114D2B73B32500DEC4F5 /* Sources */,
				8AA0114E2B73B32500DEC4F5 /* Frameworks */,
				8AA0114F2B73B32500DEC4F5 /* Resources */,
			);
			buildRules = (
			);
			dependencies = (
				8AA011532B73B32500DEC4F5 /* PBXTargetDependency */,
			);
			name = SimpleNoteTests;
			productName = SimpleNoteTests;
			productReference = 8AA011512B73B32500DEC4F5 /* SimpleNoteTests.xctest */;
			productType = "com.apple.product-type.bundle.unit-test";
		};
		8AA0115A2B73B32500DEC4F5 /* SimpleNoteUITests */ = {
			isa = PBXNativeTarget;
			buildConfigurationList = 8AA0116B2B73B32500DEC4F5 /* Build configuration list for PBXNativeTarget "SimpleNoteUITests" */;
			buildPhases = (
				8AA011572B73B32500DEC4F5 /* Sources */,
				8AA011582B73B32500DEC4F5 /* Frameworks */,
				8AA011592B73B32500DEC4F5 /* Resources */,
			);
			buildRules = (
			);
			dependencies = (
				8AA0115D2B73B32500DEC4F5 /* PBXTargetDependency */,
			);
			name = SimpleNoteUITests;
			productName = SimpleNoteUITests;
			productReference = 8AA0115B2B73B32500DEC4F5 /* SimpleNoteUITests.xctest */;
			productType = "com.apple.product-type.bundle.ui-testing";
		};
/* End PBXNativeTarget section */

/* Begin PBXProject section */
		8AA011342B73B32300DEC4F5 /* Project object */ = {
			isa = PBXProject;
			attributes = {
				BuildIndependentTargetsInParallel = 1;
				LastSwiftUpdateCheck = 1430;
				LastUpgradeCheck = 1430;
				TargetAttributes = {
					8AA0113B2B73B32300DEC4F5 = {
						CreatedOnToolsVersion = 14.3.1;
					};
					8AA011502B73B32500DEC4F5 = {
						CreatedOnToolsVersion = 14.3.1;
						TestTargetID = 8AA0113B2B73B32300DEC4F5;
					};
					8AA0115A2B73B32500DEC4F5 = {
						CreatedOnToolsVersion = 14.3.1;
						TestTargetID = 8AA0113B2B73B32300DEC4F5;
					};
				};
			};
			buildConfigurationList = 8AA011372B73B32300DEC4F5 /* Build configuration list for PBXProject "SimpleNote" */;
			compatibilityVersion = "Xcode 14.0";
			developmentRegion = en;
			hasScannedForEncodings = 0;
			knownRegions = (
				en,
				Base,
			);
			mainGroup = 8AA011332B73B32300DEC4F5;
			productRefGroup = 8AA0113D2B73B32300DEC4F5 /* Products */;
			projectDirPath = "";
			projectRoot = "";
			targets = (
				8AA0113B2B73B32300DEC4F5 /* SimpleNote */,
				8AA011502B73B32500DEC4F5 /* SimpleNoteTests */,
				8AA0115A2B73B32500DEC4F5 /* SimpleNoteUITests */,
			);
		};
/* End PBXProject section */

/* Begin PBXResourcesBuildPhase section */
		8AA0113A2B73B32300DEC4F5 /* Resources */ = {
			isa = PBXResourcesBuildPhase;
			buildActionMask = 2147483647;
			files = (
				8AA011472B73B32500DEC4F5 /* Preview Assets.xcassets in Resources */,
				8AA011442B73B32500DEC4F5 /* Assets.xcassets in Resources */,
			);
			runOnlyForDeploymentPostprocessing = 0;
		};
		8AA0114F2B73B32500DEC4F5 /* Resources */ = {
			isa = PBXResourcesBuildPhase;
			buildActionMask = 2147483647;
			files = (
			);
			runOnlyForDeploymentPostprocessing = 0;
		};
		8AA011592B73B32500DEC4F5 /* Resources */ = {
			isa = PBXResourcesBuildPhase;
			buildActionMask = 2147483647;
			files = (
			);
			runOnlyForDeploymentPostprocessing = 0;
		};
/* End PBXResourcesBuildPhase section */

/* Begin PBXSourcesBuildPhase section */
		8AA011382B73B32300DEC4F5 /* Sources */ = {
			isa = PBXSourcesBuildPhase;
			buildActionMask = 2147483647;
			files = (
				8AA011492B73B32500DEC4F5 /* Persistence.swift in Sources */,
				8AA011422B73B32300DEC4F5 /* ContentView.swift in Sources */,
				8AA011402B73B32300DEC4F5 /* SimpleNoteApp.swift in Sources */,
				8AA0114C2B73B32500DEC4F5 /* SimpleNote.xcdatamodeld in Sources */,
			);
			runOnlyForDeploymentPostprocessing = 0;
		};
		8AA0114D2B73B32500DEC4F5 /* Sources */ = {
			isa = PBXSourcesBuildPhase;
			buildActionMask = 2147483647;
			files = (
				8AA011562B73B32500DEC4F5 /* SimpleNoteTests.swift in Sources */,
			);
			runOnlyForDeploymentPostprocessing = 0;
		};
		8AA011572B73B32500DEC4F5 /* Sources */ = {
			isa = PBXSourcesBuildPhase;
			buildActionMask = 2147483647;
			files = (
				8AA011622B73B32500DEC4F5 /* SimpleNoteUITestsLaunchTests.swift in Sources */,
				8AA011602B73B32500DEC4F5 /* SimpleNoteUITests.swift in Sources */,
			);
			runOnlyForDeploymentPostprocessing = 0;
		};
/* End PBXSourcesBuildPhase section */

/* Begin PBXTargetDependency section */
		8AA011532B73B32500DEC4F5 /* PBXTargetDependency */ = {
			isa = PBXTargetDependency;
			target = 8AA0113B2B73B32300DEC4F5 /* SimpleNote */;
			targetProxy = 8AA011522B73B32500DEC4F5 /* PBXContainerItemProxy */;
		};
		8AA0115D2B73B32500DEC4F5 /* PBXTargetDependency */ = {
			isa = PBXTargetDependency;
			target = 8AA0113B2B73B32300DEC4F5 /* SimpleNote */;
			targetProxy = 8AA0115C2B73B32500DEC4F5 /* PBXContainerItemProxy */;
		};
/* End PBXTargetDependency section */

/* Begin XCBuildConfiguration section */
		8AA011632B73B32500DEC4F5 /* Debug */ = {
			isa = XCBuildConfiguration;
			buildSettings = {
				ALWAYS_SEARCH_USER_PATHS = NO;
				CLANG_ANALYZER_NONNULL = YES;
				CLANG_ANALYZER_NUMBER_OBJECT_CONVERSION = YES_AGGRESSIVE;
				CLANG_CXX_LANGUAGE_STANDARD = "gnu++20";
				CLANG_ENABLE_MODULES = YES;
				CLANG_ENABLE_OBJC_ARC = YES;
				CLANG_ENABLE_OBJC_WEAK = YES;
				CLANG_WARN_BLOCK_CAPTURE_AUTORELEASING = YES;
				CLANG_WARN_BOOL_CONVERSION = YES;
				CLANG_WARN_COMMA = YES;
				CLANG_WARN_CONSTANT_CONVERSION = YES;
				CLANG_WARN_DEPRECATED_OBJC_IMPLEMENTATIONS = YES;
				CLANG_WARN_DIRECT_OBJC_ISA_USAGE = YES_ERROR;
				CLANG_WARN_DOCUMENTATION_COMMENTS = YES;
				CLANG_WARN_EMPTY_BODY = YES;
				CLANG_WARN_ENUM_CONVERSION = YES;
				CLANG_WARN_INFINITE_RECURSION = YES;
				CLANG_WARN_INT_CONVERSION = YES;
				CLANG_WARN_NON_LITERAL_NULL_CONVERSION = YES;
				CLANG_WARN_OBJC_IMPLICIT_RETAIN_SELF = YES;
				CLANG_WARN_OBJC_LITERAL_CONVERSION = YES;
				CLANG_WARN_OBJC_ROOT_CLASS = YES_ERROR;
				CLANG_WARN_QUOTED_INCLUDE_IN_FRAMEWORK_HEADER = YES;
				CLANG_WARN_RANGE_LOOP_ANALYSIS = YES;
				CLANG_WARN_STRICT_PROTOTYPES = YES;
				CLANG_WARN_SUSPICIOUS_MOVE = YES;
				CLANG_WARN_UNGUARDED_AVAILABILITY = YES_AGGRESSIVE;
				CLANG_WARN_UNREACHABLE_CODE = YES;
				CLANG_WARN__DUPLICATE_METHOD_MATCH = YES;
				COPY_PHASE_STRIP = NO;
				DEBUG_INFORMATION_FORMAT = dwarf;
				ENABLE_STRICT_OBJC_MSGSEND = YES;
				ENABLE_TESTABILITY = YES;
				GCC_C_LANGUAGE_STANDARD = gnu11;
				GCC_DYNAMIC_NO_PIC = NO;
				GCC_NO_COMMON_BLOCKS = YES;
				GCC_OPTIMIZATION_LEVEL = 0;
				GCC_PREPROCESSOR_DEFINITIONS = (
					"DEBUG=1",
					"$(inherited)",
				);
				GCC_WARN_64_TO_32_BIT_CONVERSION = YES;
				GCC_WARN_ABOUT_RETURN_TYPE = YES_ERROR;
				GCC_WARN_UNDECLARED_SELECTOR = YES;
				GCC_WARN_UNINITIALIZED_AUTOS = YES_AGGRESSIVE;
				GCC_WARN_UNUSED_FUNCTION = YES;
				GCC_WARN_UNUSED_VARIABLE = YES;
				IPHONEOS_DEPLOYMENT_TARGET = 16.4;
				MTL_ENABLE_DEBUG_INFO = INCLUDE_SOURCE;
				MTL_FAST_MATH = YES;
				ONLY_ACTIVE_ARCH = YES;
				SDKROOT = iphoneos;
				SWIFT_ACTIVE_COMPILATION_CONDITIONS = DEBUG;
				SWIFT_OPTIMIZATION_LEVEL = "-Onone";
			};
			name = Debug;
		};
		8AA011642B73B32500DEC4F5 /* Release */ = {
			isa = XCBuildConfiguration;
			buildSettings = {
				ALWAYS_SEARCH_USER_PATHS = NO;
				CLANG_ANALYZER_NONNULL = YES;
				CLANG_ANALYZER_NUMBER_OBJECT_CONVERSION = YES_AGGRESSIVE;
				CLANG_CXX_LANGUAGE_STANDARD = "gnu++20";
				CLANG_ENABLE_MODULES = YES;
				CLANG_ENABLE_OBJC_ARC = YES;
				CLANG_ENABLE_OBJC_WEAK = YES;
				CLANG_WARN_BLOCK_CAPTURE_AUTORELEASING = YES;
				CLANG_WARN_BOOL_CONVERSION = YES;
				CLANG_WARN_COMMA = YES;
				CLANG_WARN_CONSTANT_CONVERSION = YES;
				CLANG_WARN_DEPRECATED_OBJC_IMPLEMENTATIONS = YES;
				CLANG_WARN_DIRECT_OBJC_ISA_USAGE = YES_ERROR;
				CLANG_WARN_DOCUMENTATION_COMMENTS = YES;
				CLANG_WARN_EMPTY_BODY = YES;
				CLANG_WARN_ENUM_CONVERSION = YES;
				CLANG_WARN_INFINITE_RECURSION = YES;
				CLANG_WARN_INT_CONVERSION = YES;
				CLANG_WARN_NON_LITERAL_NULL_CONVERSION = YES;
				CLANG_WARN_OBJC_IMPLICIT_RETAIN_SELF = YES;
				CLANG_WARN_OBJC_LITERAL_CONVERSION = YES;
				CLANG_WARN_OBJC_ROOT_CLASS = YES_ERROR;
				CLANG_WARN_QUOTED_INCLUDE_IN_FRAMEWORK_HEADER = YES;
				CLANG_WARN_RANGE_LOOP_ANALYSIS = YES;
				CLANG_WARN_STRICT_PROTOTYPES = YES;
				CLANG_WARN_SUSPICIOUS_MOVE = YES;
				CLANG_WARN_UNGUARDED_AVAILABILITY = YES_AGGRESSIVE;
				CLANG_WARN_UNREACHABLE_CODE = YES;
				CLANG_WARN__DUPLICATE_METHOD_MATCH = YES;
				COPY_PHASE_STRIP = NO;
				DEBUG_INFORMATION_FORMAT = "dwarf-with-dsym";
				ENABLE_NS_ASSERTIONS = NO;
				ENABLE_STRICT_OBJC_MSGSEND = YES;
				GCC_C_LANGUAGE_STANDARD = gnu11;
				GCC_NO_COMMON_BLOCKS = YES;
				GCC_WARN_64_TO_32_BIT_CONVERSION = YES;
				GCC_WARN_ABOUT_RETURN_TYPE = YES_ERROR;
				GCC_WARN_UNDECLARED_SELECTOR = YES;
				GCC_WARN_UNINITIALIZED_AUTOS = YES_AGGRESSIVE;
				GCC_WARN_UNUSED_FUNCTION = YES;
				GCC_WARN_UNUSED_VARIABLE = YES;
				IPHONEOS_DEPLOYMENT_TARGET = 16.4;
				MTL_ENABLE_DEBUG_INFO = NO;
				MTL_FAST_MATH = YES;
				SDKROOT = iphoneos;
				SWIFT_COMPILATION_MODE = wholemodule;
				SWIFT_OPTIMIZATION_LEVEL = "-O";
				VALIDATE_PRODUCT = YES;
			};
			name = Release;
		};
		8AA011662B73B32500DEC4F5 /* Debug */ = {
			isa = XCBuildConfiguration;
			buildSettings = {
				ASSETCATALOG_COMPILER_APPICON_NAME = AppIcon;
				ASSETCATALOG_COMPILER_GLOBAL_ACCENT_COLOR_NAME = AccentColor;
				CODE_SIGN_STYLE = Automatic;
				CURRENT_PROJECT_VERSION = 1;
				DEVELOPMENT_ASSET_PATHS = "\"SimpleNote/Preview Content\"";
				ENABLE_PREVIEWS = YES;
				GENERATE_INFOPLIST_FILE = YES;
				INFOPLIST_KEY_UIApplicationSceneManifest_Generation = YES;
				INFOPLIST_KEY_UIApplicationSupportsIndirectInputEvents = YES;
				INFOPLIST_KEY_UILaunchScreen_Generation = YES;
				INFOPLIST_KEY_UISupportedInterfaceOrientations_iPad = "UIInterfaceOrientationPortrait UIInterfaceOrientationPortraitUpsideDown UIInterfaceOrientationLandscapeLeft UIInterfaceOrientationLandscapeRight";
				INFOPLIST_KEY_UISupportedInterfaceOrientations_iPhone = "UIInterfaceOrientationPortrait UIInterfaceOrientationLandscapeLeft UIInterfaceOrientationLandscapeRight";
				LD_RUNPATH_SEARCH_PATHS = (
					"$(inherited)",
					"@executable_path/Frameworks",
				);
				MARKETING_VERSION = 1.0;
				PRODUCT_BUNDLE_IDENTIFIER = id.yazidal.SimpleNote;
				PRODUCT_NAME = "$(TARGET_NAME)";
				SWIFT_EMIT_LOC_STRINGS = YES;
				SWIFT_VERSION = 5.0;
				TARGETED_DEVICE_FAMILY = "1,2";
			};
			name = Debug;
		};
		8AA011672B73B32500DEC4F5 /* Release */ = {
			isa = XCBuildConfiguration;
			buildSettings = {
				ASSETCATALOG_COMPILER_APPICON_NAME = AppIcon;
				ASSETCATALOG_COMPILER_GLOBAL_ACCENT_COLOR_NAME = AccentColor;
				CODE_SIGN_STYLE = Automatic;
				CURRENT_PROJECT_VERSION = 1;
				DEVELOPMENT_ASSET_PATHS = "\"SimpleNote/Preview Content\"";
				ENABLE_PREVIEWS = YES;
				GENERATE_INFOPLIST_FILE = YES;
				INFOPLIST_KEY_UIApplicationSceneManifest_Generation = YES;
				INFOPLIST_KEY_UIApplicationSupportsIndirectInputEvents = YES;
				INFOPLIST_KEY_UILaunchScreen_Generation = YES;
				INFOPLIST_KEY_UISupportedInterfaceOrientations_iPad = "UIInterfaceOrientationPortrait UIInterfaceOrientationPortraitUpsideDown UIInterfaceOrientationLandscapeLeft UIInterfaceOrientationLandscapeRight";
				INFOPLIST_KEY_UISupportedInterfaceOrientations_iPhone = "UIInterfaceOrientationPortrait UIInterfaceOrientationLandscapeLeft UIInterfaceOrientationLandscapeRight";
				LD_RUNPATH_SEARCH_PATHS = (
					"$(inherited)",
					"@executable_path/Frameworks",
				);
				MARKETING_VERSION = 1.0;
				PRODUCT_BUNDLE_IDENTIFIER = id.yazidal.SimpleNote;
				PRODUCT_NAME = "$(TARGET_NAME)";
				SWIFT_EMIT_LOC_STRINGS = YES;
				SWIFT_VERSION = 5.0;
				TARGETED_DEVICE_FAMILY = "1,2";
			};
			name = Release;
		};
		8AA011692B73B32500DEC4F5 /* Debug */ = {
			isa = XCBuildConfiguration;
			buildSettings = {
				ALWAYS_EMBED_SWIFT_STANDARD_LIBRARIES = YES;
				BUNDLE_LOADER = "$(TEST_HOST)";
				CODE_SIGN_STYLE = Automatic;
				CURRENT_PROJECT_VERSION = 1;
				GENERATE_INFOPLIST_FILE = YES;
				IPHONEOS_DEPLOYMENT_TARGET = 16.4;
				MARKETING_VERSION = 1.0;
				PRODUCT_BUNDLE_IDENTIFIER = id.yazidal.SimpleNoteTests;
				PRODUCT_NAME = "$(TARGET_NAME)";
				SWIFT_EMIT_LOC_STRINGS = NO;
				SWIFT_VERSION = 5.0;
				TARGETED_DEVICE_FAMILY = "1,2";
				TEST_HOST = "$(BUILT_PRODUCTS_DIR)/SimpleNote.app/$(BUNDLE_EXECUTABLE_FOLDER_PATH)/SimpleNote";
			};
			name = Debug;
		};
		8AA0116A2B73B32500DEC4F5 /* Release */ = {
			isa = XCBuildConfiguration;
			buildSettings = {
				ALWAYS_EMBED_SWIFT_STANDARD_LIBRARIES = YES;
				BUNDLE_LOADER = "$(TEST_HOST)";
				CODE_SIGN_STYLE = Automatic;
				CURRENT_PROJECT_VERSION = 1;
				GENERATE_INFOPLIST_FILE = YES;
				IPHONEOS_DEPLOYMENT_TARGET = 16.4;
				MARKETING_VERSION = 1.0;
				PRODUCT_BUNDLE_IDENTIFIER = id.yazidal.SimpleNoteTests;
				PRODUCT_NAME = "$(TARGET_NAME)";
				SWIFT_EMIT_LOC_STRINGS = NO;
				SWIFT_VERSION = 5.0;
				TARGETED_DEVICE_FAMILY = "1,2";
				TEST_HOST = "$(BUILT_PRODUCTS_DIR)/SimpleNote.app/$(BUNDLE_EXECUTABLE_FOLDER_PATH)/SimpleNote";
			};
			name = Release;
		};
		8AA0116C2B73B32500DEC4F5 /* Debug */ = {
			isa = XCBuildConfiguration;
			buildSettings = {
				ALWAYS_EMBED_SWIFT_STANDARD_LIBRARIES = YES;
				CODE_SIGN_STYLE = Automatic;
				CURRENT_PROJECT_VERSION = 1;
				GENERATE_INFOPLIST_FILE = YES;
				MARKETING_VERSION = 1.0;
				PRODUCT_BUNDLE_IDENTIFIER = id.yazidal.SimpleNoteUITests;
				PRODUCT_NAME = "$(TARGET_NAME)";
				SWIFT_EMIT_LOC_STRINGS = NO;
				SWIFT_VERSION = 5.0;
				TARGETED_DEVICE_FAMILY = "1,2";
				TEST_TARGET_NAME = SimpleNote;
			};
			name = Debug;
		};
		8AA0116D2B73B32500DEC4F5 /* Release */ = {
			isa = XCBuildConfiguration;
			buildSettings = {
				ALWAYS_EMBED_SWIFT_STANDARD_LIBRARIES = YES;
				CODE_SIGN_STYLE = Automatic;
				CURRENT_PROJECT_VERSION = 1;
				GENERATE_INFOPLIST_FILE = YES;
				MARKETING_VERSION = 1.0;
				PRODUCT_BUNDLE_IDENTIFIER = id.yazidal.SimpleNoteUITests;
				PRODUCT_NAME = "$(TARGET_NAME)";
				SWIFT_EMIT_LOC_STRINGS = NO;
				SWIFT_VERSION = 5.0;
				TARGETED_DEVICE_FAMILY = "1,2";
				TEST_TARGET_NAME = SimpleNote;
			};
			name = Release;
		};
/* End XCBuildConfiguration section */

/* Begin XCConfigurationList section */
		8AA011372B73B32300DEC4F5 /* Build configuration list for PBXProject "SimpleNote" */ = {
			isa = XCConfigurationList;
			buildConfigurations = (
				8AA011632B73B32500DEC4F5 /* Debug */,
				8AA011642B73B32500DEC4F5 /* Release */,
			);
			defaultConfigurationIsVisible = 0;
			defaultConfigurationName = Release;
		};
		8AA011652B73B32500DEC4F5 /* Build configuration list for PBXNativeTarget "SimpleNote" */ = {
			isa = XCConfigurationList;
			buildConfigurations = (
				8AA011662B73B32500DEC4F5 /* Debug */,
				8AA011672B73B32500DEC4F5 /* Release */,
			);
			defaultConfigurationIsVisible = 0;
			defaultConfigurationName = Release;
		};
		8AA011682B73B32500DEC4F5 /* Build configuration list for PBXNativeTarget "SimpleNoteTests" */ = {
			isa = XCConfigurationList;
			buildConfigurations = (
				8AA011692B73B32500DEC4F5 /* Debug */,
				8AA0116A2B73B32500DEC4F5 /* Release */,
			);
			defaultConfigurationIsVisible = 0;
			defaultConfigurationName = Release;
		};
		8AA0116B2B73B32500DEC4F5 /* Build configuration list for PBXNativeTarget "SimpleNoteUITests" */ = {
			isa = XCConfigurationList;
			buildConfigurations = (
				8AA0116C2B73B32500DEC4F5 /* Debug */,
				8AA0116D2B73B32500DEC4F5 /* Release */,
			);
			defaultConfigurationIsVisible = 0;
			defaultConfigurationName = Release;
		};
/* End XCConfigurationList section */

/* Begin XCVersionGroup section */
		8AA0114A2B73B32500DEC4F5 /* SimpleNote.xcdatamodeld */ = {
			isa = XCVersionGroup;
			children = (
				8AA0114B2B73B32500DEC4F5 /* SimpleNote.xcdatamodel */,
			);
			currentVersion = 8AA0114B2B73B32500DEC4F5 /* SimpleNote.xcdatamodel */;
			path = SimpleNote.xcdatamodeld;
			sourceTree = "<group>";
			versionGroupType = wrapper.xcdatamodel;
		};
/* End XCVersionGroup section */
	};
	rootObject = 8AA011342B73B32300DEC4F5 /* Project object */;
}
